
Microsoft Visual Studio Solution File, Format Version 12.00
# Visual Studio Version 17
VisualStudioVersion = 17.3.32929.385
MinimumVisualStudioVersion = 10.0.40219.1
Project("{FAE04EC0-301F-11D3-BF4B-00C04F79EFBC}") = "Proyecto 1 OOP", "Proyecto 1 OOP\Proyecto 1 OOP.csproj", "{FD4F7BB2-5F10-4D5D-98A1-B5BCF366488B}"
EndProject
Global
	GlobalSection(SolutionConfigurationPlatforms) = preSolution
		Debug|Any CPU = Debug|Any CPU
		Release|Any CPU = Release|Any CPU
	EndGlobalSection
	GlobalSection(ProjectConfigurationPlatforms) = postSolution
		{FD4F7BB2-5F10-4D5D-98A1-B5BCF366488B}.Debug|Any CPU.ActiveCfg = Debug|Any CPU
		{FD4F7BB2-5F10-4D5D-98A1-B5BCF366488B}.Debug|Any CPU.Build.0 = Debug|Any CPU
		{FD4F7BB2-5F10-4D5D-98A1-B5BCF366488B}.Release|Any CPU.ActiveCfg = Release|Any CPU
		{FD4F7BB2-5F10-4D5D-98A1-B5BCF366488B}.Release|Any CPU.Build.0 = Release|Any CPU
	EndGlobalSection
	GlobalSection(SolutionProperties) = preSolution
		HideSolutionNode = FALSE
	EndGlobalSection
	GlobalSection(ExtensibilityGlobals) = postSolution
		SolutionGuid = {DBCE5EDE-AE97-4640-B608-628A27C4AB80}
	EndGlobalSection
EndGlobal
